
Microsoft Visual Studio Solution File, Format Version 12.00
# Visual Studio Version 16
VisualStudioVersion = 16.0.29609.76
MinimumVisualStudioVersion = 10.0.40219.1
Project("{9A19103F-16F7-4668-BE54-9A1E7A4F7556}") = "RatingOrdersExample", "RatingOrdersExample\RatingOrdersExample.csproj", "{58E67120-034D-4820-96C1-F7A7E6266549}"
EndProject
Project("{9A19103F-16F7-4668-BE54-9A1E7A4F7556}") = "ControlDataFlowBasics", "ControlDataFlowBasics\ControlDataFlowBasics.csproj", "{B411B6B4-0042-4F5E-9CAD-8DD35BB17774}"
EndProject
Project("{9A19103F-16F7-4668-BE54-9A1E7A4F7556}") = "SimpleFlow", "SimpleFlow\SimpleFlow.csproj", "{470BDC42-4F83-4CD9-8046-03E0F83B9125}"
EndProject
Project("{9A19103F-16F7-4668-BE54-9A1E7A4F7556}") = "FromFilesToDatabases", "FromFilesToDatabases\FromFilesToDatabases.csproj", "{2C516AB6-C628-4525-B590-58F3417933CC}"
EndProject
Project("{9A19103F-16F7-4668-BE54-9A1E7A4F7556}") = "SyncingWithMerge", "SyncingWithMerge\SyncingWithMerge.csproj", "{6A66E8EE-93D7-4D9C-87A5-CC6079E062C4}"
EndProject
Project("{2150E333-8FDC-42A3-9474-1A3956D46DE8}") = "Basics", "Basics", "{410CEE1C-92E9-40FB-A9FA-C344D8982A61}"
EndProject
Project("{2150E333-8FDC-42A3-9474-1A3956D46DE8}") = "DataIntegration", "DataIntegration", "{65276FA0-FAD4-4627-A84D-D4A7064C0449}"
EndProject
Project("{2150E333-8FDC-42A3-9474-1A3956D46DE8}") = "ETL", "ETL", "{5C128615-FFF5-4B08-BAA9-8280C6F84A3C}"
EndProject
Project("{2150E333-8FDC-42A3-9474-1A3956D46DE8}") = "Docs", "Docs", "{16D5D52F-2A1A-465A-BC79-535268E5EF94}"
EndProject
Project("{2150E333-8FDC-42A3-9474-1A3956D46DE8}") = "Other", "Other", "{BE9DD422-2D09-4B20-B38C-57DDCF16BC60}"
	ProjectSection(SolutionItems) = preProject
		SimpleFlow\nlog.config = SimpleFlow\nlog.config
	EndProjectSection
EndProject
Project("{9A19103F-16F7-4668-BE54-9A1E7A4F7556}") = "WebScraping", "WebScraping\WebScraping.csproj", "{1934CC06-9FAB-4C3F-B12E-1D00878783AD}"
EndProject
Project("{9A19103F-16F7-4668-BE54-9A1E7A4F7556}") = "XmlFlattenNestedArray", "XmlFlattenNestedArray\XmlFlattenNestedArray.csproj", "{53890034-0AF5-4040-AB41-3FEADEA017D6}"
EndProject
Project("{9A19103F-16F7-4668-BE54-9A1E7A4F7556}") = "PivotData", "PivotData\PivotData.csproj", "{55129B04-82DD-407B-96FE-B9C79E47A2ED}"
EndProject
Project("{9A19103F-16F7-4668-BE54-9A1E7A4F7556}") = "AzureFunctionApp", "AzureFunctionApp\AzureFunctionApp.csproj", "{C7D38C2B-3544-425D-9DC9-FDD2C250A943}"
EndProject
Project("{9A19103F-16F7-4668-BE54-9A1E7A4F7556}") = "ParallelExecution", "ParallelExecution\ParallelExecution.csproj", "{1A60DEF7-7DB5-48A3-9918-963DDF4AF6AB}"
EndProject
Project("{9A19103F-16F7-4668-BE54-9A1E7A4F7556}") = "QuickStart", "QuickStart\QuickStart.csproj", "{1F79A747-746F-47B8-90C3-88992A044C9C}"
EndProject
Project("{9A19103F-16F7-4668-BE54-9A1E7A4F7556}") = "DataLakeDemo", "DataLake\DataLakeDemo.csproj", "{F16C7157-063A-4757-9F76-EE8267B8FE06}"
EndProject
Global
	GlobalSection(SolutionConfigurationPlatforms) = preSolution
		Debug|Any CPU = Debug|Any CPU
		Release|Any CPU = Release|Any CPU
	EndGlobalSection
	GlobalSection(ProjectConfigurationPlatforms) = postSolution
		{58E67120-034D-4820-96C1-F7A7E6266549}.Debug|Any CPU.ActiveCfg = Debug|Any CPU
		{58E67120-034D-4820-96C1-F7A7E6266549}.Debug|Any CPU.Build.0 = Debug|Any CPU
		{58E67120-034D-4820-96C1-F7A7E6266549}.Release|Any CPU.ActiveCfg = Release|Any CPU
		{58E67120-034D-4820-96C1-F7A7E6266549}.Release|Any CPU.Build.0 = Release|Any CPU
		{B411B6B4-0042-4F5E-9CAD-8DD35BB17774}.Debug|Any CPU.ActiveCfg = Debug|Any CPU
		{B411B6B4-0042-4F5E-9CAD-8DD35BB17774}.Debug|Any CPU.Build.0 = Debug|Any CPU
		{B411B6B4-0042-4F5E-9CAD-8DD35BB17774}.Release|Any CPU.ActiveCfg = Release|Any CPU
		{B411B6B4-0042-4F5E-9CAD-8DD35BB17774}.Release|Any CPU.Build.0 = Release|Any CPU
		{470BDC42-4F83-4CD9-8046-03E0F83B9125}.Debug|Any CPU.ActiveCfg = Debug|Any CPU
		{470BDC42-4F83-4CD9-8046-03E0F83B9125}.Debug|Any CPU.Build.0 = Debug|Any CPU
		{470BDC42-4F83-4CD9-8046-03E0F83B9125}.Release|Any CPU.ActiveCfg = Release|Any CPU
		{470BDC42-4F83-4CD9-8046-03E0F83B9125}.Release|Any CPU.Build.0 = Release|Any CPU
		{2C516AB6-C628-4525-B590-58F3417933CC}.Debug|Any CPU.ActiveCfg = Debug|Any CPU
		{2C516AB6-C628-4525-B590-58F3417933CC}.Debug|Any CPU.Build.0 = Debug|Any CPU
		{2C516AB6-C628-4525-B590-58F3417933CC}.Release|Any CPU.ActiveCfg = Release|Any CPU
		{2C516AB6-C628-4525-B590-58F3417933CC}.Release|Any CPU.Build.0 = Release|Any CPU
		{6A66E8EE-93D7-4D9C-87A5-CC6079E062C4}.Debug|Any CPU.ActiveCfg = Debug|Any CPU
		{6A66E8EE-93D7-4D9C-87A5-CC6079E062C4}.Debug|Any CPU.Build.0 = Debug|Any CPU
		{6A66E8EE-93D7-4D9C-87A5-CC6079E062C4}.Release|Any CPU.ActiveCfg = Release|Any CPU
		{6A66E8EE-93D7-4D9C-87A5-CC6079E062C4}.Release|Any CPU.Build.0 = Release|Any CPU
		{1934CC06-9FAB-4C3F-B12E-1D00878783AD}.Debug|Any CPU.ActiveCfg = Debug|Any CPU
		{1934CC06-9FAB-4C3F-B12E-1D00878783AD}.Debug|Any CPU.Build.0 = Debug|Any CPU
		{1934CC06-9FAB-4C3F-B12E-1D00878783AD}.Release|Any CPU.ActiveCfg = Release|Any CPU
		{1934CC06-9FAB-4C3F-B12E-1D00878783AD}.Release|Any CPU.Build.0 = Release|Any CPU
		{53890034-0AF5-4040-AB41-3FEADEA017D6}.Debug|Any CPU.ActiveCfg = Debug|Any CPU
		{53890034-0AF5-4040-AB41-3FEADEA017D6}.Debug|Any CPU.Build.0 = Debug|Any CPU
		{53890034-0AF5-4040-AB41-3FEADEA017D6}.Release|Any CPU.ActiveCfg = Release|Any CPU
		{53890034-0AF5-4040-AB41-3FEADEA017D6}.Release|Any CPU.Build.0 = Release|Any CPU
		{55129B04-82DD-407B-96FE-B9C79E47A2ED}.Debug|Any CPU.ActiveCfg = Debug|Any CPU
		{55129B04-82DD-407B-96FE-B9C79E47A2ED}.Debug|Any CPU.Build.0 = Debug|Any CPU
		{55129B04-82DD-407B-96FE-B9C79E47A2ED}.Release|Any CPU.ActiveCfg = Release|Any CPU
		{55129B04-82DD-407B-96FE-B9C79E47A2ED}.Release|Any CPU.Build.0 = Release|Any CPU
		{C7D38C2B-3544-425D-9DC9-FDD2C250A943}.Debug|Any CPU.ActiveCfg = Debug|Any CPU
		{C7D38C2B-3544-425D-9DC9-FDD2C250A943}.Debug|Any CPU.Build.0 = Debug|Any CPU
		{C7D38C2B-3544-425D-9DC9-FDD2C250A943}.Release|Any CPU.ActiveCfg = Release|Any CPU
		{C7D38C2B-3544-425D-9DC9-FDD2C250A943}.Release|Any CPU.Build.0 = Release|Any CPU
		{1A60DEF7-7DB5-48A3-9918-963DDF4AF6AB}.Debug|Any CPU.ActiveCfg = Debug|Any CPU
		{1A60DEF7-7DB5-48A3-9918-963DDF4AF6AB}.Debug|Any CPU.Build.0 = Debug|Any CPU
		{1A60DEF7-7DB5-48A3-9918-963DDF4AF6AB}.Release|Any CPU.ActiveCfg = Release|Any CPU
		{1A60DEF7-7DB5-48A3-9918-963DDF4AF6AB}.Release|Any CPU.Build.0 = Release|Any CPU
		{1F79A747-746F-47B8-90C3-88992A044C9C}.Debug|Any CPU.ActiveCfg = Debug|Any CPU
		{1F79A747-746F-47B8-90C3-88992A044C9C}.Debug|Any CPU.Build.0 = Debug|Any CPU
		{1F79A747-746F-47B8-90C3-88992A044C9C}.Release|Any CPU.ActiveCfg = Release|Any CPU
		{1F79A747-746F-47B8-90C3-88992A044C9C}.Release|Any CPU.Build.0 = Release|Any CPU
		{F16C7157-063A-4757-9F76-EE8267B8FE06}.Debug|Any CPU.ActiveCfg = Debug|Any CPU
		{F16C7157-063A-4757-9F76-EE8267B8FE06}.Debug|Any CPU.Build.0 = Debug|Any CPU
		{F16C7157-063A-4757-9F76-EE8267B8FE06}.Release|Any CPU.ActiveCfg = Release|Any CPU
		{F16C7157-063A-4757-9F76-EE8267B8FE06}.Release|Any CPU.Build.0 = Release|Any CPU
	EndGlobalSection
	GlobalSection(SolutionProperties) = preSolution
		HideSolutionNode = FALSE
	EndGlobalSection
	GlobalSection(NestedProjects) = preSolution
		{58E67120-034D-4820-96C1-F7A7E6266549} = {5C128615-FFF5-4B08-BAA9-8280C6F84A3C}
		{B411B6B4-0042-4F5E-9CAD-8DD35BB17774} = {410CEE1C-92E9-40FB-A9FA-C344D8982A61}
		{470BDC42-4F83-4CD9-8046-03E0F83B9125} = {16D5D52F-2A1A-465A-BC79-535268E5EF94}
		{2C516AB6-C628-4525-B590-58F3417933CC} = {65276FA0-FAD4-4627-A84D-D4A7064C0449}
		{6A66E8EE-93D7-4D9C-87A5-CC6079E062C4} = {16D5D52F-2A1A-465A-BC79-535268E5EF94}
		{1934CC06-9FAB-4C3F-B12E-1D00878783AD} = {BE9DD422-2D09-4B20-B38C-57DDCF16BC60}
		{53890034-0AF5-4040-AB41-3FEADEA017D6} = {65276FA0-FAD4-4627-A84D-D4A7064C0449}
		{55129B04-82DD-407B-96FE-B9C79E47A2ED} = {5C128615-FFF5-4B08-BAA9-8280C6F84A3C}
		{C7D38C2B-3544-425D-9DC9-FDD2C250A943} = {410CEE1C-92E9-40FB-A9FA-C344D8982A61}
		{1A60DEF7-7DB5-48A3-9918-963DDF4AF6AB} = {410CEE1C-92E9-40FB-A9FA-C344D8982A61}
		{1F79A747-746F-47B8-90C3-88992A044C9C} = {16D5D52F-2A1A-465A-BC79-535268E5EF94}
		{F16C7157-063A-4757-9F76-EE8267B8FE06} = {5C128615-FFF5-4B08-BAA9-8280C6F84A3C}
	EndGlobalSection
	GlobalSection(ExtensibilityGlobals) = postSolution
		SolutionGuid = {5856FD5E-119B-42A2-96C0-B4923D1F0945}
	EndGlobalSection
EndGlobal
